
Microsoft Visual Studio Solution File, Format Version 12.00
# Visual Studio Version 17
VisualStudioVersion = 17.9.34616.47
MinimumVisualStudioVersion = 10.0.40219.1
Project("{FAE04EC0-301F-11D3-BF4B-00C04F79EFBC}") = "BlogMe", "BlogMe\BlogMe.csproj", "{3ECE78D5-376D-44C8-8DA7-5DDCCCAF5CCE}"
EndProject
Global
	GlobalSection(SolutionConfigurationPlatforms) = preSolution
		Debug|Any CPU = Debug|Any CPU
		Release|Any CPU = Release|Any CPU
	EndGlobalSection
	GlobalSection(ProjectConfigurationPlatforms) = postSolution
		{3ECE78D5-376D-44C8-8DA7-5DDCCCAF5CCE}.Debug|Any CPU.ActiveCfg = Debug|Any CPU
		{3ECE78D5-376D-44C8-8DA7-5DDCCCAF5CCE}.Debug|Any CPU.Build.0 = Debug|Any CPU
		{3ECE78D5-376D-44C8-8DA7-5DDCCCAF5CCE}.Release|Any CPU.ActiveCfg = Release|Any CPU
		{3ECE78D5-376D-44C8-8DA7-5DDCCCAF5CCE}.Release|Any CPU.Build.0 = Release|Any CPU
	EndGlobalSection
	GlobalSection(SolutionProperties) = preSolution
		HideSolutionNode = FALSE
	EndGlobalSection
	GlobalSection(ExtensibilityGlobals) = postSolution
		SolutionGuid = {12B0AC1E-A6CD-46AD-80F6-0F5DC43A65DE}
	EndGlobalSection
EndGlobal
